// !$*UTF8*$!
{
	archiveVersion = 1;
	classes = {
	};
	objectVersion = 56;
	objects = {

/* Begin PBXBuildFile section */
		8F49ABC32ADC6C1D004A9E2C /* AppDelegate.swift in Sources */ = {isa = PBXBuildFile; fileRef = 8F49ABC22ADC6C1D004A9E2C /* AppDelegate.swift */; };
		8F49ABC52ADC6C1D004A9E2C /* SceneDelegate.swift in Sources */ = {isa = PBXBuildFile; fileRef = 8F49ABC42ADC6C1D004A9E2C /* SceneDelegate.swift */; };
		8F49ABC72ADC6C1D004A9E2C /* NewsListViewController.swift in Sources */ = {isa = PBXBuildFile; fileRef = 8F49ABC62ADC6C1D004A9E2C /* NewsListViewController.swift */; };
		8F49ABCC2ADC6C1E004A9E2C /* Assets.xcassets in Resources */ = {isa = PBXBuildFile; fileRef = 8F49ABCB2ADC6C1E004A9E2C /* Assets.xcassets */; };
		8F49ABCF2ADC6C1E004A9E2C /* LaunchScreen.storyboard in Resources */ = {isa = PBXBuildFile; fileRef = 8F49ABCD2ADC6C1E004A9E2C /* LaunchScreen.storyboard */; };
		8F49ABDA2ADC6FC2004A9E2C /* NewList.json in Resources */ = {isa = PBXBuildFile; fileRef = 8F49ABD92ADC6FC2004A9E2C /* NewList.json */; };
		8F49ABDD2ADC703D004A9E2C /* SourceModel.swift in Sources */ = {isa = PBXBuildFile; fileRef = 8F49ABDC2ADC703D004A9E2C /* SourceModel.swift */; };
		8F49ABDF2ADC7089004A9E2C /* NewsModel.swift in Sources */ = {isa = PBXBuildFile; fileRef = 8F49ABDE2ADC7089004A9E2C /* NewsModel.swift */; };
		8F49ABE22ADC71CD004A9E2C /* NewsListRepository.swift in Sources */ = {isa = PBXBuildFile; fileRef = 8F49ABE12ADC71CD004A9E2C /* NewsListRepository.swift */; };
		8F49ABE52ADC7466004A9E2C /* GenericDataProvider.swift in Sources */ = {isa = PBXBuildFile; fileRef = 8F49ABE42ADC7466004A9E2C /* GenericDataProvider.swift */; };
		8F49ABE72ADC7505004A9E2C /* NewsListLocalDataProvider.swift in Sources */ = {isa = PBXBuildFile; fileRef = 8F49ABE62ADC7505004A9E2C /* NewsListLocalDataProvider.swift */; };
		8F49ABE92ADC9323004A9E2C /* NewsListView.swift in Sources */ = {isa = PBXBuildFile; fileRef = 8F49ABE82ADC9323004A9E2C /* NewsListView.swift */; };
		8F49ABEC2ADC9FB2004A9E2C /* NewsTableViewCell.swift in Sources */ = {isa = PBXBuildFile; fileRef = 8F49ABEB2ADC9FB2004A9E2C /* NewsTableViewCell.swift */; };
		8FFB8B4C2ADF8DC300DEAE97 /* deafult-image.jpg in Resources */ = {isa = PBXBuildFile; fileRef = 8FFB8B4B2ADF8DC300DEAE97 /* deafult-image.jpg */; };
/* End PBXBuildFile section */

/* Begin PBXFileReference section */
		8F49ABBF2ADC6C1D004A9E2C /* NewFastNotices.app */ = {isa = PBXFileReference; explicitFileType = wrapper.application; includeInIndex = 0; path = NewFastNotices.app; sourceTree = BUILT_PRODUCTS_DIR; };
		8F49ABC22ADC6C1D004A9E2C /* AppDelegate.swift */ = {isa = PBXFileReference; lastKnownFileType = sourcecode.swift; path = AppDelegate.swift; sourceTree = "<group>"; };
		8F49ABC42ADC6C1D004A9E2C /* SceneDelegate.swift */ = {isa = PBXFileReference; lastKnownFileType = sourcecode.swift; path = SceneDelegate.swift; sourceTree = "<group>"; };
		8F49ABC62ADC6C1D004A9E2C /* NewsListViewController.swift */ = {isa = PBXFileReference; lastKnownFileType = sourcecode.swift; path = NewsListViewController.swift; sourceTree = "<group>"; };
		8F49ABCB2ADC6C1E004A9E2C /* Assets.xcassets */ = {isa = PBXFileReference; lastKnownFileType = folder.assetcatalog; path = Assets.xcassets; sourceTree = "<group>"; };
		8F49ABCE2ADC6C1E004A9E2C /* Base */ = {isa = PBXFileReference; lastKnownFileType = file.storyboard; name = Base; path = Base.lproj/LaunchScreen.storyboard; sourceTree = "<group>"; };
		8F49ABD02ADC6C1E004A9E2C /* Info.plist */ = {isa = PBXFileReference; lastKnownFileType = text.plist.xml; path = Info.plist; sourceTree = "<group>"; };
		8F49ABD92ADC6FC2004A9E2C /* NewList.json */ = {isa = PBXFileReference; lastKnownFileType = text.json; path = NewList.json; sourceTree = "<group>"; };
		8F49ABDC2ADC703D004A9E2C /* SourceModel.swift */ = {isa = PBXFileReference; lastKnownFileType = sourcecode.swift; path = SourceModel.swift; sourceTree = "<group>"; };
		8F49ABDE2ADC7089004A9E2C /* NewsModel.swift */ = {isa = PBXFileReference; lastKnownFileType = sourcecode.swift; path = NewsModel.swift; sourceTree = "<group>"; };
		8F49ABE12ADC71CD004A9E2C /* NewsListRepository.swift */ = {isa = PBXFileReference; lastKnownFileType = sourcecode.swift; path = NewsListRepository.swift; sourceTree = "<group>"; };
		8F49ABE42ADC7466004A9E2C /* GenericDataProvider.swift */ = {isa = PBXFileReference; lastKnownFileType = sourcecode.swift; path = GenericDataProvider.swift; sourceTree = "<group>"; };
		8F49ABE62ADC7505004A9E2C /* NewsListLocalDataProvider.swift */ = {isa = PBXFileReference; lastKnownFileType = sourcecode.swift; path = NewsListLocalDataProvider.swift; sourceTree = "<group>"; };
		8F49ABE82ADC9323004A9E2C /* NewsListView.swift */ = {isa = PBXFileReference; lastKnownFileType = sourcecode.swift; path = NewsListView.swift; sourceTree = "<group>"; };
		8F49ABEB2ADC9FB2004A9E2C /* NewsTableViewCell.swift */ = {isa = PBXFileReference; lastKnownFileType = sourcecode.swift; path = NewsTableViewCell.swift; sourceTree = "<group>"; };
		8FFB8B4B2ADF8DC300DEAE97 /* deafult-image.jpg */ = {isa = PBXFileReference; lastKnownFileType = image.jpeg; path = "deafult-image.jpg"; sourceTree = "<group>"; };
/* End PBXFileReference section */

/* Begin PBXFrameworksBuildPhase section */
		8F49ABBC2ADC6C1D004A9E2C /* Frameworks */ = {
			isa = PBXFrameworksBuildPhase;
			buildActionMask = 2147483647;
			files = (
			);
			runOnlyForDeploymentPostprocessing = 0;
		};
/* End PBXFrameworksBuildPhase section */

/* Begin PBXGroup section */
		8F49ABB62ADC6C1D004A9E2C = {
			isa = PBXGroup;
			children = (
				8F49ABC12ADC6C1D004A9E2C /* NewFastNotices */,
				8F49ABC02ADC6C1D004A9E2C /* Products */,
			);
			sourceTree = "<group>";
		};
		8F49ABC02ADC6C1D004A9E2C /* Products */ = {
			isa = PBXGroup;
			children = (
				8F49ABBF2ADC6C1D004A9E2C /* NewFastNotices.app */,
			);
			name = Products;
			sourceTree = "<group>";
		};
		8F49ABC12ADC6C1D004A9E2C /* NewFastNotices */ = {
			isa = PBXGroup;
			children = (
				8F49ABE32ADC742D004A9E2C /* DataProvider */,
				8F49ABDB2ADC7016004A9E2C /* Models */,
				8F49ABD82ADC6EFC004A9E2C /* Views */,
				8F49ABD72ADC6EEC004A9E2C /* Controllers */,
				8F49ABD62ADC6ED8004A9E2C /* SupportingFiles */,
				8F49ABCB2ADC6C1E004A9E2C /* Assets.xcassets */,
				8F49ABD02ADC6C1E004A9E2C /* Info.plist */,
			);
			path = NewFastNotices;
			sourceTree = "<group>";
		};
		8F49ABD62ADC6ED8004A9E2C /* SupportingFiles */ = {
			isa = PBXGroup;
			children = (
				8F49ABC22ADC6C1D004A9E2C /* AppDelegate.swift */,
				8F49ABC42ADC6C1D004A9E2C /* SceneDelegate.swift */,
				8F49ABD92ADC6FC2004A9E2C /* NewList.json */,
				8FFB8B4B2ADF8DC300DEAE97 /* deafult-image.jpg */,
			);
			path = SupportingFiles;
			sourceTree = "<group>";
		};
		8F49ABD72ADC6EEC004A9E2C /* Controllers */ = {
			isa = PBXGroup;
			children = (
				8F49ABC62ADC6C1D004A9E2C /* NewsListViewController.swift */,
			);
			path = Controllers;
			sourceTree = "<group>";
		};
		8F49ABD82ADC6EFC004A9E2C /* Views */ = {
			isa = PBXGroup;
			children = (
				8F49ABEA2ADC9F29004A9E2C /* Cells */,
				8F49ABCD2ADC6C1E004A9E2C /* LaunchScreen.storyboard */,
				8F49ABE82ADC9323004A9E2C /* NewsListView.swift */,
			);
			path = Views;
			sourceTree = "<group>";
		};
		8F49ABDB2ADC7016004A9E2C /* Models */ = {
			isa = PBXGroup;
			children = (
				8F49ABDC2ADC703D004A9E2C /* SourceModel.swift */,
				8F49ABDE2ADC7089004A9E2C /* NewsModel.swift */,
			);
			path = Models;
			sourceTree = "<group>";
		};
		8F49ABE02ADC71A2004A9E2C /* LocalRepository */ = {
			isa = PBXGroup;
			children = (
				8F49ABE12ADC71CD004A9E2C /* NewsListRepository.swift */,
			);
			path = LocalRepository;
			sourceTree = "<group>";
		};
		8F49ABE32ADC742D004A9E2C /* DataProvider */ = {
			isa = PBXGroup;
			children = (
				8F49ABE42ADC7466004A9E2C /* GenericDataProvider.swift */,
				8F49ABE62ADC7505004A9E2C /* NewsListLocalDataProvider.swift */,
				8F49ABE02ADC71A2004A9E2C /* LocalRepository */,
			);
			path = DataProvider;
			sourceTree = "<group>";
		};
		8F49ABEA2ADC9F29004A9E2C /* Cells */ = {
			isa = PBXGroup;
			children = (
				8F49ABEB2ADC9FB2004A9E2C /* NewsTableViewCell.swift */,
			);
			path = Cells;
			sourceTree = "<group>";
		};
/* End PBXGroup section */

/* Begin PBXNativeTarget section */
		8F49ABBE2ADC6C1D004A9E2C /* NewFastNotices */ = {
			isa = PBXNativeTarget;
			buildConfigurationList = 8F49ABD32ADC6C1E004A9E2C /* Build configuration list for PBXNativeTarget "NewFastNotices" */;
			buildPhases = (
				8F49ABBB2ADC6C1D004A9E2C /* Sources */,
				8F49ABBC2ADC6C1D004A9E2C /* Frameworks */,
				8F49ABBD2ADC6C1D004A9E2C /* Resources */,
			);
			buildRules = (
			);
			dependencies = (
			);
			name = NewFastNotices;
			productName = NewFastNotices;
			productReference = 8F49ABBF2ADC6C1D004A9E2C /* NewFastNotices.app */;
			productType = "com.apple.product-type.application";
		};
/* End PBXNativeTarget section */

/* Begin PBXProject section */
		8F49ABB72ADC6C1D004A9E2C /* Project object */ = {
			isa = PBXProject;
			attributes = {
				BuildIndependentTargetsInParallel = 1;
				LastSwiftUpdateCheck = 1500;
				LastUpgradeCheck = 1500;
				TargetAttributes = {
					8F49ABBE2ADC6C1D004A9E2C = {
						CreatedOnToolsVersion = 15.0;
					};
				};
			};
			buildConfigurationList = 8F49ABBA2ADC6C1D004A9E2C /* Build configuration list for PBXProject "NewFastNotices" */;
			compatibilityVersion = "Xcode 14.0";
			developmentRegion = en;
			hasScannedForEncodings = 0;
			knownRegions = (
				en,
				Base,
			);
			mainGroup = 8F49ABB62ADC6C1D004A9E2C;
			productRefGroup = 8F49ABC02ADC6C1D004A9E2C /* Products */;
			projectDirPath = "";
			projectRoot = "";
			targets = (
				8F49ABBE2ADC6C1D004A9E2C /* NewFastNotices */,
			);
		};
/* End PBXProject section */

/* Begin PBXResourcesBuildPhase section */
		8F49ABBD2ADC6C1D004A9E2C /* Resources */ = {
			isa = PBXResourcesBuildPhase;
			buildActionMask = 2147483647;
			files = (
				8F49ABCF2ADC6C1E004A9E2C /* LaunchScreen.storyboard in Resources */,
				8FFB8B4C2ADF8DC300DEAE97 /* deafult-image.jpg in Resources */,
				8F49ABCC2ADC6C1E004A9E2C /* Assets.xcassets in Resources */,
				8F49ABDA2ADC6FC2004A9E2C /* NewList.json in Resources */,
			);
			runOnlyForDeploymentPostprocessing = 0;
		};
/* End PBXResourcesBuildPhase section */

/* Begin PBXSourcesBuildPhase section */
		8F49ABBB2ADC6C1D004A9E2C /* Sources */ = {
			isa = PBXSourcesBuildPhase;
			buildActionMask = 2147483647;
			files = (
				8F49ABC72ADC6C1D004A9E2C /* NewsListViewController.swift in Sources */,
				8F49ABC32ADC6C1D004A9E2C /* AppDelegate.swift in Sources */,
				8F49ABEC2ADC9FB2004A9E2C /* NewsTableViewCell.swift in Sources */,
				8F49ABDD2ADC703D004A9E2C /* SourceModel.swift in Sources */,
				8F49ABE72ADC7505004A9E2C /* NewsListLocalDataProvider.swift in Sources */,
				8F49ABC52ADC6C1D004A9E2C /* SceneDelegate.swift in Sources */,
				8F49ABE52ADC7466004A9E2C /* GenericDataProvider.swift in Sources */,
				8F49ABE22ADC71CD004A9E2C /* NewsListRepository.swift in Sources */,
				8F49ABE92ADC9323004A9E2C /* NewsListView.swift in Sources */,
				8F49ABDF2ADC7089004A9E2C /* NewsModel.swift in Sources */,
			);
			runOnlyForDeploymentPostprocessing = 0;
		};
/* End PBXSourcesBuildPhase section */

/* Begin PBXVariantGroup section */
		8F49ABCD2ADC6C1E004A9E2C /* LaunchScreen.storyboard */ = {
			isa = PBXVariantGroup;
			children = (
				8F49ABCE2ADC6C1E004A9E2C /* Base */,
			);
			name = LaunchScreen.storyboard;
			sourceTree = "<group>";
		};
/* End PBXVariantGroup section */

/* Begin XCBuildConfiguration section */
		8F49ABD12ADC6C1E004A9E2C /* Debug */ = {
			isa = XCBuildConfiguration;
			buildSettings = {
				ALWAYS_SEARCH_USER_PATHS = NO;
				ASSETCATALOG_COMPILER_GENERATE_SWIFT_ASSET_SYMBOL_EXTENSIONS = YES;
				CLANG_ANALYZER_NONNULL = YES;
				CLANG_ANALYZER_NUMBER_OBJECT_CONVERSION = YES_AGGRESSIVE;
				CLANG_CXX_LANGUAGE_STANDARD = "gnu++20";
				CLANG_ENABLE_MODULES = YES;
				CLANG_ENABLE_OBJC_ARC = YES;
				CLANG_ENABLE_OBJC_WEAK = YES;
				CLANG_WARN_BLOCK_CAPTURE_AUTORELEASING = YES;
				CLANG_WARN_BOOL_CONVERSION = YES;
				CLANG_WARN_COMMA = YES;
				CLANG_WARN_CONSTANT_CONVERSION = YES;
				CLANG_WARN_DEPRECATED_OBJC_IMPLEMENTATIONS = YES;
				CLANG_WARN_DIRECT_OBJC_ISA_USAGE = YES_ERROR;
				CLANG_WARN_DOCUMENTATION_COMMENTS = YES;
				CLANG_WARN_EMPTY_BODY = YES;
				CLANG_WARN_ENUM_CONVERSION = YES;
				CLANG_WARN_INFINITE_RECURSION = YES;
				CLANG_WARN_INT_CONVERSION = YES;
				CLANG_WARN_NON_LITERAL_NULL_CONVERSION = YES;
				CLANG_WARN_OBJC_IMPLICIT_RETAIN_SELF = YES;
				CLANG_WARN_OBJC_LITERAL_CONVERSION = YES;
				CLANG_WARN_OBJC_ROOT_CLASS = YES_ERROR;
				CLANG_WARN_QUOTED_INCLUDE_IN_FRAMEWORK_HEADER = YES;
				CLANG_WARN_RANGE_LOOP_ANALYSIS = YES;
				CLANG_WARN_STRICT_PROTOTYPES = YES;
				CLANG_WARN_SUSPICIOUS_MOVE = YES;
				CLANG_WARN_UNGUARDED_AVAILABILITY = YES_AGGRESSIVE;
				CLANG_WARN_UNREACHABLE_CODE = YES;
				CLANG_WARN__DUPLICATE_METHOD_MATCH = YES;
				COPY_PHASE_STRIP = NO;
				DEBUG_INFORMATION_FORMAT = dwarf;
				ENABLE_STRICT_OBJC_MSGSEND = YES;
				ENABLE_TESTABILITY = YES;
				ENABLE_USER_SCRIPT_SANDBOXING = YES;
				GCC_C_LANGUAGE_STANDARD = gnu17;
				GCC_DYNAMIC_NO_PIC = NO;
				GCC_NO_COMMON_BLOCKS = YES;
				GCC_OPTIMIZATION_LEVEL = 0;
				GCC_PREPROCESSOR_DEFINITIONS = (
					"DEBUG=1",
					"$(inherited)",
				);
				GCC_WARN_64_TO_32_BIT_CONVERSION = YES;
				GCC_WARN_ABOUT_RETURN_TYPE = YES_ERROR;
				GCC_WARN_UNDECLARED_SELECTOR = YES;
				GCC_WARN_UNINITIALIZED_AUTOS = YES_AGGRESSIVE;
				GCC_WARN_UNUSED_FUNCTION = YES;
				GCC_WARN_UNUSED_VARIABLE = YES;
				IPHONEOS_DEPLOYMENT_TARGET = 17.0;
				LOCALIZATION_PREFERS_STRING_CATALOGS = YES;
				MTL_ENABLE_DEBUG_INFO = INCLUDE_SOURCE;
				MTL_FAST_MATH = YES;
				ONLY_ACTIVE_ARCH = YES;
				SDKROOT = iphoneos;
				SWIFT_ACTIVE_COMPILATION_CONDITIONS = "DEBUG $(inherited)";
				SWIFT_OPTIMIZATION_LEVEL = "-Onone";
			};
			name = Debug;
		};
		8F49ABD22ADC6C1E004A9E2C /* Release */ = {
			isa = XCBuildConfiguration;
			buildSettings = {
				ALWAYS_SEARCH_USER_PATHS = NO;
				ASSETCATALOG_COMPILER_GENERATE_SWIFT_ASSET_SYMBOL_EXTENSIONS = YES;
				CLANG_ANALYZER_NONNULL = YES;
				CLANG_ANALYZER_NUMBER_OBJECT_CONVERSION = YES_AGGRESSIVE;
				CLANG_CXX_LANGUAGE_STANDARD = "gnu++20";
				CLANG_ENABLE_MODULES = YES;
				CLANG_ENABLE_OBJC_ARC = YES;
				CLANG_ENABLE_OBJC_WEAK = YES;
				CLANG_WARN_BLOCK_CAPTURE_AUTORELEASING = YES;
				CLANG_WARN_BOOL_CONVERSION = YES;
				CLANG_WARN_COMMA = YES;
				CLANG_WARN_CONSTANT_CONVERSION = YES;
				CLANG_WARN_DEPRECATED_OBJC_IMPLEMENTATIONS = YES;
				CLANG_WARN_DIRECT_OBJC_ISA_USAGE = YES_ERROR;
				CLANG_WARN_DOCUMENTATION_COMMENTS = YES;
				CLANG_WARN_EMPTY_BODY = YES;
				CLANG_WARN_ENUM_CONVERSION = YES;
				CLANG_WARN_INFINITE_RECURSION = YES;
				CLANG_WARN_INT_CONVERSION = YES;
				CLANG_WARN_NON_LITERAL_NULL_CONVERSION = YES;
				CLANG_WARN_OBJC_IMPLICIT_RETAIN_SELF = YES;
				CLANG_WARN_OBJC_LITERAL_CONVERSION = YES;
				CLANG_WARN_OBJC_ROOT_CLASS = YES_ERROR;
				CLANG_WARN_QUOTED_INCLUDE_IN_FRAMEWORK_HEADER = YES;
				CLANG_WARN_RANGE_LOOP_ANALYSIS = YES;
				CLANG_WARN_STRICT_PROTOTYPES = YES;
				CLANG_WARN_SUSPICIOUS_MOVE = YES;
				CLANG_WARN_UNGUARDED_AVAILABILITY = YES_AGGRESSIVE;
				CLANG_WARN_UNREACHABLE_CODE = YES;
				CLANG_WARN__DUPLICATE_METHOD_MATCH = YES;
				COPY_PHASE_STRIP = NO;
				DEBUG_INFORMATION_FORMAT = "dwarf-with-dsym";
				ENABLE_NS_ASSERTIONS = NO;
				ENABLE_STRICT_OBJC_MSGSEND = YES;
				ENABLE_USER_SCRIPT_SANDBOXING = YES;
				GCC_C_LANGUAGE_STANDARD = gnu17;
				GCC_NO_COMMON_BLOCKS = YES;
				GCC_WARN_64_TO_32_BIT_CONVERSION = YES;
				GCC_WARN_ABOUT_RETURN_TYPE = YES_ERROR;
				GCC_WARN_UNDECLARED_SELECTOR = YES;
				GCC_WARN_UNINITIALIZED_AUTOS = YES_AGGRESSIVE;
				GCC_WARN_UNUSED_FUNCTION = YES;
				GCC_WARN_UNUSED_VARIABLE = YES;
				IPHONEOS_DEPLOYMENT_TARGET = 17.0;
				LOCALIZATION_PREFERS_STRING_CATALOGS = YES;
				MTL_ENABLE_DEBUG_INFO = NO;
				MTL_FAST_MATH = YES;
				SDKROOT = iphoneos;
				SWIFT_COMPILATION_MODE = wholemodule;
				VALIDATE_PRODUCT = YES;
			};
			name = Release;
		};
		8F49ABD42ADC6C1E004A9E2C /* Debug */ = {
			isa = XCBuildConfiguration;
			buildSettings = {
				ASSETCATALOG_COMPILER_APPICON_NAME = AppIcon;
				ASSETCATALOG_COMPILER_GLOBAL_ACCENT_COLOR_NAME = AccentColor;
				CODE_SIGN_STYLE = Automatic;
				CURRENT_PROJECT_VERSION = 1;
				DEVELOPMENT_TEAM = DRJN65HYG5;
				GENERATE_INFOPLIST_FILE = YES;
				INFOPLIST_FILE = NewFastNotices/Info.plist;
				INFOPLIST_KEY_UIApplicationSupportsIndirectInputEvents = YES;
				INFOPLIST_KEY_UILaunchStoryboardName = LaunchScreen;
				INFOPLIST_KEY_UISupportedInterfaceOrientations = UIInterfaceOrientationPortrait;
				LD_RUNPATH_SEARCH_PATHS = (
					"$(inherited)",
					"@executable_path/Frameworks",
				);
				MARKETING_VERSION = 1.0;
				PRODUCT_BUNDLE_IDENTIFIER = br.com.felipe.santos17.NewFastNotices;
				PRODUCT_NAME = "$(TARGET_NAME)";
				SWIFT_EMIT_LOC_STRINGS = YES;
				SWIFT_VERSION = 5.0;
				TARGETED_DEVICE_FAMILY = "1,2";
			};
			name = Debug;
		};
		8F49ABD52ADC6C1E004A9E2C /* Release */ = {
			isa = XCBuildConfiguration;
			buildSettings = {
				ASSETCATALOG_COMPILER_APPICON_NAME = AppIcon;
				ASSETCATALOG_COMPILER_GLOBAL_ACCENT_COLOR_NAME = AccentColor;
				CODE_SIGN_STYLE = Automatic;
				CURRENT_PROJECT_VERSION = 1;
				DEVELOPMENT_TEAM = DRJN65HYG5;
				GENERATE_INFOPLIST_FILE = YES;
				INFOPLIST_FILE = NewFastNotices/Info.plist;
				INFOPLIST_KEY_UIApplicationSupportsIndirectInputEvents = YES;
				INFOPLIST_KEY_UILaunchStoryboardName = LaunchScreen;
				INFOPLIST_KEY_UISupportedInterfaceOrientations = UIInterfaceOrientationPortrait;
				LD_RUNPATH_SEARCH_PATHS = (
					"$(inherited)",
					"@executable_path/Frameworks",
				);
				MARKETING_VERSION = 1.0;
				PRODUCT_BUNDLE_IDENTIFIER = br.com.felipe.santos17.NewFastNotices;
				PRODUCT_NAME = "$(TARGET_NAME)";
				SWIFT_EMIT_LOC_STRINGS = YES;
				SWIFT_VERSION = 5.0;
				TARGETED_DEVICE_FAMILY = "1,2";
			};
			name = Release;
		};
/* End XCBuildConfiguration section */

/* Begin XCConfigurationList section */
		8F49ABBA2ADC6C1D004A9E2C /* Build configuration list for PBXProject "NewFastNotices" */ = {
			isa = XCConfigurationList;
			buildConfigurations = (
				8F49ABD12ADC6C1E004A9E2C /* Debug */,
				8F49ABD22ADC6C1E004A9E2C /* Release */,
			);
			defaultConfigurationIsVisible = 0;
			defaultConfigurationName = Release;
		};
		8F49ABD32ADC6C1E004A9E2C /* Build configuration list for PBXNativeTarget "NewFastNotices" */ = {
			isa = XCConfigurationList;
			buildConfigurations = (
				8F49ABD42ADC6C1E004A9E2C /* Debug */,
				8F49ABD52ADC6C1E004A9E2C /* Release */,
			);
			defaultConfigurationIsVisible = 0;
			defaultConfigurationName = Release;
		};
/* End XCConfigurationList section */
	};
	rootObject = 8F49ABB72ADC6C1D004A9E2C /* Project object */;
}
